github.com/golang-jwt/jwt/v4 v4.4.2 h1:rcc4lwaZgFMCZ5jxF9ABolDcIHdBytAFgqFPbSJQAYs=
github.com/golang-jwt/jwt/v4 v4.4.2/go.mod h1:m21LjoU+eqJr34lmDMbreY2eSTRJ1cv77w39/MY0Ch0=
github.com/pkg/errors v0.9.1 h1:FEBLx1zS214owpjy7qsBeixbURkuhQAwrK5UwLGTwt4=
github.com/pkg/errors v0.9.1/go.mod h1:bwawxfHBFNV+L2hUp1rHADufV3IMtnDRdf1r5NINEl0=
github.com/thijzert/go-resemble v1.5.0 h1:t3fOIpJTcmY35xWy2fTu9Le25eAjlD2oSRmwy5VBb0Q=
github.com/thijzert/go-resemble v1.5.0/go.mod h1:b72WQ3aLiYKuxNYRWsP0wQ6twcWWfSjhzOtVygMkyhY=
